// !$*UTF8*$!
{
	archiveVersion = 1;
	classes = {
	};
	objectVersion = 46;
	objects = {

/* Begin PBXBuildFile section */
		5EA12B2915BD1E7E0079C689 /* UIKit.framework in Frameworks */ = {isa = PBXBuildFile; fileRef = 5EA12B2815BD1E7E0079C689 /* UIKit.framework */; };
		5EA12B2B15BD1E7E0079C689 /* Foundation.framework in Frameworks */ = {isa = PBXBuildFile; fileRef = 5EA12B2A15BD1E7E0079C689 /* Foundation.framework */; };
		5EA12B2D15BD1E7E0079C689 /* CoreGraphics.framework in Frameworks */ = {isa = PBXBuildFile; fileRef = 5EA12B2C15BD1E7E0079C689 /* CoreGraphics.framework */; };
		5EA12B3315BD1E7E0079C689 /* InfoPlist.strings in Resources */ = {isa = PBXBuildFile; fileRef = 5EA12B3115BD1E7E0079C689 /* InfoPlist.strings */; };
		5EA12B3515BD1E7E0079C689 /* main.m in Sources */ = {isa = PBXBuildFile; fileRef = 5EA12B3415BD1E7E0079C689 /* main.m */; };
		5EA12B3915BD1E7E0079C689 /* RepeatersAppDelegate.m in Sources */ = {isa = PBXBuildFile; fileRef = 5EA12B3815BD1E7E0079C689 /* RepeatersAppDelegate.m */; };
		5EA12B3C15BD1E7E0079C689 /* MainStoryboard.storyboard in Resources */ = {isa = PBXBuildFile; fileRef = 5EA12B3A15BD1E7E0079C689 /* MainStoryboard.storyboard */; };
		5EA12B3F15BD1E7E0079C689 /* RepeatersViewController.m in Sources */ = {isa = PBXBuildFile; fileRef = 5EA12B3E15BD1E7E0079C689 /* RepeatersViewController.m */; };
/* End PBXBuildFile section */

/* Begin PBXFileReference section */
		5EA12B2415BD1E7E0079C689 /* Repeaters1.app */ = {isa = PBXFileReference; explicitFileType = wrapper.application; includeInIndex = 0; path = Repeaters1.app; sourceTree = BUILT_PRODUCTS_DIR; };
		5EA12B2815BD1E7E0079C689 /* UIKit.framework */ = {isa = PBXFileReference; lastKnownFileType = wrapper.framework; name = UIKit.framework; path = System/Library/Frameworks/UIKit.framework; sourceTree = SDKROOT; };
		5EA12B2A15BD1E7E0079C689 /* Foundation.framework */ = {isa = PBXFileReference; lastKnownFileType = wrapper.framework; name = Foundation.framework; path = System/Library/Frameworks/Foundation.framework; sourceTree = SDKROOT; };
		5EA12B2C15BD1E7E0079C689 /* CoreGraphics.framework */ = {isa = PBXFileReference; lastKnownFileType = wrapper.framework; name = CoreGraphics.framework; path = System/Library/Frameworks/CoreGraphics.framework; sourceTree = SDKROOT; };
		5EA12B3015BD1E7E0079C689 /* Repeaters1-Info.plist */ = {isa = PBXFileReference; path = "Repeaters1-Info.plist"; sourceTree = "<group>"; };
		5EA12B3215BD1E7E0079C689 /* en */ = {isa = PBXFileReference; lastKnownFileType = text.plist.strings; name = en; path = en.lproj/InfoPlist.strings; sourceTree = "<group>"; };
		5EA12B3415BD1E7E0079C689 /* main.m */ = {isa = PBXFileReference; lastKnownFileType = sourcecode.c.objc; path = main.m; sourceTree = "<group>"; };
		5EA12B3615BD1E7E0079C689 /* Repeaters1-Prefix.pch */ = {isa = PBXFileReference; path = "Repeaters1-Prefix.pch"; sourceTree = "<group>"; };
		5EA12B3715BD1E7E0079C689 /* RepeatersAppDelegate.h */ = {isa = PBXFileReference; path = RepeatersAppDelegate.h; sourceTree = "<group>"; };
		5EA12B3815BD1E7E0079C689 /* RepeatersAppDelegate.m */ = {isa = PBXFileReference; lastKnownFileType = sourcecode.c.objc; path = RepeatersAppDelegate.m; sourceTree = "<group>"; };
		5EA12B3B15BD1E7E0079C689 /* en */ = {isa = PBXFileReference; lastKnownFileType = file.storyboard; name = en; path = en.lproj/MainStoryboard.storyboard; sourceTree = "<group>"; };
		5EA12B3D15BD1E7E0079C689 /* RepeatersViewController.h */ = {isa = PBXFileReference; path = RepeatersViewController.h; sourceTree = "<group>"; };
		5EA12B3E15BD1E7E0079C689 /* RepeatersViewController.m */ = {isa = PBXFileReference; lastKnownFileType = sourcecode.c.objc; path = RepeatersViewController.m; sourceTree = "<group>"; };
/* End PBXFileReference section */

/* Begin PBXFrameworksBuildPhase section */
		5EA12B2115BD1E7E0079C689 /* Frameworks */ = {
			isa = PBXFrameworksBuildPhase;
			buildActionMask = 2147483647;
			files = (
				5EA12B2915BD1E7E0079C689 /* UIKit.framework in Frameworks */,
				5EA12B2B15BD1E7E0079C689 /* Foundation.framework in Frameworks */,
				5EA12B2D15BD1E7E0079C689 /* CoreGraphics.framework in Frameworks */,
			);
			runOnlyForDeploymentPostprocessing = 0;
		};
/* End PBXFrameworksBuildPhase section */

/* Begin PBXGroup section */
		5EA12B1915BD1E7E0079C689 = {
			isa = PBXGroup;
			children = (
				5EA12B2E15BD1E7E0079C689 /* Repeaters1 */,
				5EA12B2715BD1E7E0079C689 /* Frameworks */,
				5EA12B2515BD1E7E0079C689 /* Products */,
			);
			sourceTree = "<group>";
		};
		5EA12B2515BD1E7E0079C689 /* Products */ = {
			isa = PBXGroup;
			children = (
				5EA12B2415BD1E7E0079C689 /* Repeaters1.app */,
			);
			name = Products;
			sourceTree = "<group>";
		};
		5EA12B2715BD1E7E0079C689 /* Frameworks */ = {
			isa = PBXGroup;
			children = (
				5EA12B2815BD1E7E0079C689 /* UIKit.framework */,
				5EA12B2A15BD1E7E0079C689 /* Foundation.framework */,
				5EA12B2C15BD1E7E0079C689 /* CoreGraphics.framework */,
			);
			name = Frameworks;
			sourceTree = "<group>";
		};
		5EA12B2E15BD1E7E0079C689 /* Repeaters1 */ = {
			isa = PBXGroup;
			children = (
				5EA12B3715BD1E7E0079C689 /* RepeatersAppDelegate.h */,
				5EA12B3815BD1E7E0079C689 /* RepeatersAppDelegate.m */,
				5EA12B3A15BD1E7E0079C689 /* MainStoryboard.storyboard */,
				5EA12B3D15BD1E7E0079C689 /* RepeatersViewController.h */,
				5EA12B3E15BD1E7E0079C689 /* RepeatersViewController.m */,
				5EA12B2F15BD1E7E0079C689 /* Supporting Files */,
			);
			path = Repeaters1;
			sourceTree = "<group>";
		};
		5EA12B2F15BD1E7E0079C689 /* Supporting Files */ = {
			isa = PBXGroup;
			children = (
				5EA12B3015BD1E7E0079C689 /* Repeaters1-Info.plist */,
				5EA12B3115BD1E7E0079C689 /* InfoPlist.strings */,
				5EA12B3415BD1E7E0079C689 /* main.m */,
				5EA12B3615BD1E7E0079C689 /* Repeaters1-Prefix.pch */,
			);
			name = "Supporting Files";
			sourceTree = "<group>";
		};
/* End PBXGroup section */

/* Begin PBXNativeTarget section */
		5EA12B2315BD1E7E0079C689 /* Repeaters1 */ = {
			isa = PBXNativeTarget;
			buildConfigurationList = 5EA12B4215BD1E7E0079C689 /* Build configuration list for PBXNativeTarget "Repeaters1" */;
			buildPhases = (
				5EA12B2015BD1E7E0079C689 /* Sources */,
				5EA12B2115BD1E7E0079C689 /* Frameworks */,
				5EA12B2215BD1E7E0079C689 /* Resources */,
			);
			buildRules = (
			);
			dependencies = (
			);
			name = Repeaters1;
			productName = Repeaters1;
			productReference = 5EA12B2415BD1E7E0079C689 /* Repeaters1.app */;
			productType = "com.apple.product-type.application";
		};
/* End PBXNativeTarget section */

/* Begin PBXProject section */
		5EA12B1B15BD1E7E0079C689 /* Project object */ = {
			isa = PBXProject;
			attributes = {
				CLASSPREFIX = Repeaters;
				LastUpgradeCheck = 0430;
				ORGANIZATIONNAME = "Hart Book";
			};
			buildConfigurationList = 5EA12B1E15BD1E7E0079C689 /* Build configuration list for PBXProject "Repeaters1" */;
			compatibilityVersion = "Xcode 3.2";
			developmentRegion = English;
			hasScannedForEncodings = 0;
			knownRegions = (
				en,
			);
			mainGroup = 5EA12B1915BD1E7E0079C689;
			productRefGroup = 5EA12B2515BD1E7E0079C689 /* Products */;
			projectDirPath = "";
			projectRoot = "";
			targets = (
				5EA12B2315BD1E7E0079C689 /* Repeaters1 */,
			);
		};
/* End PBXProject section */

/* Begin PBXResourcesBuildPhase section */
		5EA12B2215BD1E7E0079C689 /* Resources */ = {
			isa = PBXResourcesBuildPhase;
			buildActionMask = 2147483647;
			files = (
				5EA12B3315BD1E7E0079C689 /* InfoPlist.strings in Resources */,
				5EA12B3C15BD1E7E0079C689 /* MainStoryboard.storyboard in Resources */,
			);
			runOnlyForDeploymentPostprocessing = 0;
		};
/* End PBXResourcesBuildPhase section */

/* Begin PBXSourcesBuildPhase section */
		5EA12B2015BD1E7E0079C689 /* Sources */ = {
			isa = PBXSourcesBuildPhase;
			buildActionMask = 2147483647;
			files = (
				5EA12B3515BD1E7E0079C689 /* main.m in Sources */,
				5EA12B3915BD1E7E0079C689 /* RepeatersAppDelegate.m in Sources */,
				5EA12B3F15BD1E7E0079C689 /* RepeatersViewController.m in Sources */,
			);
			runOnlyForDeploymentPostprocessing = 0;
		};
/* End PBXSourcesBuildPhase section */

/* Begin PBXVariantGroup section */
		5EA12B3115BD1E7E0079C689 /* InfoPlist.strings */ = {
			isa = PBXVariantGroup;
			children = (
				5EA12B3215BD1E7E0079C689 /* en */,
			);
			name = InfoPlist.strings;
			sourceTree = "<group>";
		};
		5EA12B3A15BD1E7E0079C689 /* MainStoryboard.storyboard */ = {
			isa = PBXVariantGroup;
			children = (
				5EA12B3B15BD1E7E0079C689 /* en */,
			);
			name = MainStoryboard.storyboard;
			sourceTree = "<group>";
		};
/* End PBXVariantGroup section */

/* Begin XCBuildConfiguration section */
		5EA12B4015BD1E7E0079C689 /* Debug */ = {
			isa = XCBuildConfiguration;
			buildSettings = {
				ALWAYS_SEARCH_USER_PATHS = NO;
				ARCHS = "$(ARCHS_STANDARD_32_BIT)";
				CLANG_ENABLE_OBJC_ARC = YES;
				"CODE_SIGN_IDENTITY[sdk=iphoneos*]" = "iPhone Developer";
				COPY_PHASE_STRIP = NO;
				GCC_C_LANGUAGE_STANDARD = gnu99;
				GCC_DYNAMIC_NO_PIC = NO;
				GCC_OPTIMIZATION_LEVEL = 0;
				GCC_PREPROCESSOR_DEFINITIONS = (
					"DEBUG=1",
					"$(inherited)",
				);
				GCC_SYMBOLS_PRIVATE_EXTERN = NO;
				GCC_VERSION = com.apple.compilers.llvm.clang.1_0;
				GCC_WARN_ABOUT_RETURN_TYPE = YES;
				GCC_WARN_UNINITIALIZED_AUTOS = YES;
				GCC_WARN_UNUSED_VARIABLE = YES;
				IPHONEOS_DEPLOYMENT_TARGET = 5.1;
				SDKROOT = iphoneos;
			};
			name = Debug;
		};
		5EA12B4115BD1E7E0079C689 /* Release */ = {
			isa = XCBuildConfiguration;
			buildSettings = {
				ALWAYS_SEARCH_USER_PATHS = NO;
				ARCHS = "$(ARCHS_STANDARD_32_BIT)";
				CLANG_ENABLE_OBJC_ARC = YES;
				"CODE_SIGN_IDENTITY[sdk=iphoneos*]" = "iPhone Developer";
				COPY_PHASE_STRIP = YES;
				GCC_C_LANGUAGE_STANDARD = gnu99;
				GCC_VERSION = com.apple.compilers.llvm.clang.1_0;
				GCC_WARN_ABOUT_RETURN_TYPE = YES;
				GCC_WARN_UNINITIALIZED_AUTOS = YES;
				GCC_WARN_UNUSED_VARIABLE = YES;
				IPHONEOS_DEPLOYMENT_TARGET = 5.1;
				OTHER_CFLAGS = "-DNS_BLOCK_ASSERTIONS=1";
				SDKROOT = iphoneos;
				VALIDATE_PRODUCT = YES;
			};
			name = Release;
		};
		5EA12B4315BD1E7E0079C689 /* Debug */ = {
			isa = XCBuildConfiguration;
			buildSettings = {
				GCC_PRECOMPILE_PREFIX_HEADER = YES;
				GCC_PREFIX_HEADER = "Repeaters1/Repeaters1-Prefix.pch";
				INFOPLIST_FILE = "Repeaters1/Repeaters1-Info.plist";
				PRODUCT_NAME = "$(TARGET_NAME)";
				WRAPPER_EXTENSION = app;
			};
			name = Debug;
		};
		5EA12B4415BD1E7E0079C689 /* Release */ = {
			isa = XCBuildConfiguration;
			buildSettings = {
				GCC_PRECOMPILE_PREFIX_HEADER = YES;
				GCC_PREFIX_HEADER = "Repeaters1/Repeaters1-Prefix.pch";
				INFOPLIST_FILE = "Repeaters1/Repeaters1-Info.plist";
				PRODUCT_NAME = "$(TARGET_NAME)";
				WRAPPER_EXTENSION = app;
			};
			name = Release;
		};
/* End XCBuildConfiguration section */

/* Begin XCConfigurationList section */
		5EA12B1E15BD1E7E0079C689 /* Build configuration list for PBXProject "Repeaters1" */ = {
			isa = XCConfigurationList;
			buildConfigurations = (
				5EA12B4015BD1E7E0079C689 /* Debug */,
				5EA12B4115BD1E7E0079C689 /* Release */,
			);
			defaultConfigurationIsVisible = 0;
			defaultConfigurationName = Release;
		};
		5EA12B4215BD1E7E0079C689 /* Build configuration list for PBXNativeTarget "Repeaters1" */ = {
			isa = XCConfigurationList;
			buildConfigurations = (
				5EA12B4315BD1E7E0079C689 /* Debug */,
				5EA12B4415BD1E7E0079C689 /* Release */,
			);
			defaultConfigurationIsVisible = 0;
		};
/* End XCConfigurationList section */
	};
	rootObject = 5EA12B1B15BD1E7E0079C689 /* Project object */;
}
